{
  "requires": true,
  "lockfileVersion": 1,
  "dependencies": {
    "@ckeditor/ckeditor5-build-classic": {
      "version": "16.0.0",
      "resolved": "https://registry.npmjs.org/@ckeditor/ckeditor5-build-classic/-/ckeditor5-build-classic-16.0.0.tgz",
      "integrity": "sha512-gBfZqWg3hmCvhq6/wX5UJp4qwl6gB+NJPpOkya2Y3jWKA0HKf3UdlhIvaHq7dRaqhi4unmqaJZVEk5VpZ1vDOg=="
    }
  }
}
